// !$*UTF8*$!
{
	archiveVersion = 1;
	classes = {
	};
	objectVersion = 50;
	objects = {

/* Begin PBXBuildFile section */
		D36597D425E8ADB00038DB93 /* Tests_iOS.swift in Sources */ = {isa = PBXBuildFile; fileRef = D36597D325E8ADB00038DB93 /* Tests_iOS.swift */; };
		D36597DF25E8ADB00038DB93 /* Tests_macOS.swift in Sources */ = {isa = PBXBuildFile; fileRef = D36597DE25E8ADB00038DB93 /* Tests_macOS.swift */; };
		D36597E125E8ADB00038DB93 /* Rock_Paper_ScissorsApp.swift in Sources */ = {isa = PBXBuildFile; fileRef = D36597B825E8ADAC0038DB93 /* Rock_Paper_ScissorsApp.swift */; };
		D36597E225E8ADB00038DB93 /* Rock_Paper_ScissorsApp.swift in Sources */ = {isa = PBXBuildFile; fileRef = D36597B825E8ADAC0038DB93 /* Rock_Paper_ScissorsApp.swift */; };
		D36597E325E8ADB00038DB93 /* ContentView.swift in Sources */ = {isa = PBXBuildFile; fileRef = D36597B925E8ADAC0038DB93 /* ContentView.swift */; };
		D36597E425E8ADB00038DB93 /* ContentView.swift in Sources */ = {isa = PBXBuildFile; fileRef = D36597B925E8ADAC0038DB93 /* ContentView.swift */; };
		D36597E525E8ADB00038DB93 /* Assets.xcassets in Resources */ = {isa = PBXBuildFile; fileRef = D36597BA25E8ADAF0038DB93 /* Assets.xcassets */; };
		D36597E625E8ADB00038DB93 /* Assets.xcassets in Resources */ = {isa = PBXBuildFile; fileRef = D36597BA25E8ADAF0038DB93 /* Assets.xcassets */; };
/* End PBXBuildFile section */

/* Begin PBXContainerItemProxy section */
		D36597D025E8ADB00038DB93 /* PBXContainerItemProxy */ = {
			isa = PBXContainerItemProxy;
			containerPortal = D36597B325E8ADAC0038DB93 /* Project object */;
			proxyType = 1;
			remoteGlobalIDString = D36597BE25E8ADAF0038DB93;
			remoteInfo = "Rock Paper Scissors (iOS)";
		};
		D36597DB25E8ADB00038DB93 /* PBXContainerItemProxy */ = {
			isa = PBXContainerItemProxy;
			containerPortal = D36597B325E8ADAC0038DB93 /* Project object */;
			proxyType = 1;
			remoteGlobalIDString = D36597C625E8ADB00038DB93;
			remoteInfo = "Rock Paper Scissors (macOS)";
		};
/* End PBXContainerItemProxy section */

/* Begin PBXFileReference section */
		D36597B825E8ADAC0038DB93 /* Rock_Paper_ScissorsApp.swift */ = {isa = PBXFileReference; lastKnownFileType = sourcecode.swift; path = Rock_Paper_ScissorsApp.swift; sourceTree = "<group>"; };
		D36597B925E8ADAC0038DB93 /* ContentView.swift */ = {isa = PBXFileReference; lastKnownFileType = sourcecode.swift; path = ContentView.swift; sourceTree = "<group>"; };
		D36597BA25E8ADAF0038DB93 /* Assets.xcassets */ = {isa = PBXFileReference; lastKnownFileType = folder.assetcatalog; path = Assets.xcassets; sourceTree = "<group>"; };
		D36597BF25E8ADB00038DB93 /* Rock Paper Scissors.app */ = {isa = PBXFileReference; explicitFileType = wrapper.application; includeInIndex = 0; path = "Rock Paper Scissors.app"; sourceTree = BUILT_PRODUCTS_DIR; };
		D36597C225E8ADB00038DB93 /* Info.plist */ = {isa = PBXFileReference; lastKnownFileType = text.plist.xml; path = Info.plist; sourceTree = "<group>"; };
		D36597C725E8ADB00038DB93 /* Rock Paper Scissors.app */ = {isa = PBXFileReference; explicitFileType = wrapper.application; includeInIndex = 0; path = "Rock Paper Scissors.app"; sourceTree = BUILT_PRODUCTS_DIR; };
		D36597C925E8ADB00038DB93 /* Info.plist */ = {isa = PBXFileReference; lastKnownFileType = text.plist.xml; path = Info.plist; sourceTree = "<group>"; };
		D36597CA25E8ADB00038DB93 /* macOS.entitlements */ = {isa = PBXFileReference; lastKnownFileType = text.plist.entitlements; path = macOS.entitlements; sourceTree = "<group>"; };
		D36597CF25E8ADB00038DB93 /* Tests iOS.xctest */ = {isa = PBXFileReference; explicitFileType = wrapper.cfbundle; includeInIndex = 0; path = "Tests iOS.xctest"; sourceTree = BUILT_PRODUCTS_DIR; };
		D36597D325E8ADB00038DB93 /* Tests_iOS.swift */ = {isa = PBXFileReference; lastKnownFileType = sourcecode.swift; path = Tests_iOS.swift; sourceTree = "<group>"; };
		D36597D525E8ADB00038DB93 /* Info.plist */ = {isa = PBXFileReference; lastKnownFileType = text.plist.xml; path = Info.plist; sourceTree = "<group>"; };
		D36597DA25E8ADB00038DB93 /* Tests macOS.xctest */ = {isa = PBXFileReference; explicitFileType = wrapper.cfbundle; includeInIndex = 0; path = "Tests macOS.xctest"; sourceTree = BUILT_PRODUCTS_DIR; };
		D36597DE25E8ADB00038DB93 /* Tests_macOS.swift */ = {isa = PBXFileReference; lastKnownFileType = sourcecode.swift; path = Tests_macOS.swift; sourceTree = "<group>"; };
		D36597E025E8ADB00038DB93 /* Info.plist */ = {isa = PBXFileReference; lastKnownFileType = text.plist.xml; path = Info.plist; sourceTree = "<group>"; };
/* End PBXFileReference section */

/* Begin PBXFrameworksBuildPhase section */
		D36597BC25E8ADAF0038DB93 /* Frameworks */ = {
			isa = PBXFrameworksBuildPhase;
			buildActionMask = 2147483647;
			files = (
			);
			runOnlyForDeploymentPostprocessing = 0;
		};
		D36597C425E8ADB00038DB93 /* Frameworks */ = {
			isa = PBXFrameworksBuildPhase;
			buildActionMask = 2147483647;
			files = (
			);
			runOnlyForDeploymentPostprocessing = 0;
		};
		D36597CC25E8ADB00038DB93 /* Frameworks */ = {
			isa = PBXFrameworksBuildPhase;
			buildActionMask = 2147483647;
			files = (
			);
			runOnlyForDeploymentPostprocessing = 0;
		};
		D36597D725E8ADB00038DB93 /* Frameworks */ = {
			isa = PBXFrameworksBuildPhase;
			buildActionMask = 2147483647;
			files = (
			);
			runOnlyForDeploymentPostprocessing = 0;
		};
/* End PBXFrameworksBuildPhase section */

/* Begin PBXGroup section */
		D36597B225E8ADAC0038DB93 = {
			isa = PBXGroup;
			children = (
				D36597B725E8ADAC0038DB93 /* Shared */,
				D36597C125E8ADB00038DB93 /* iOS */,
				D36597C825E8ADB00038DB93 /* macOS */,
				D36597D225E8ADB00038DB93 /* Tests iOS */,
				D36597DD25E8ADB00038DB93 /* Tests macOS */,
				D36597C025E8ADB00038DB93 /* Products */,
			);
			sourceTree = "<group>";
		};
		D36597B725E8ADAC0038DB93 /* Shared */ = {
			isa = PBXGroup;
			children = (
				D36597B825E8ADAC0038DB93 /* Rock_Paper_ScissorsApp.swift */,
				D36597B925E8ADAC0038DB93 /* ContentView.swift */,
				D36597BA25E8ADAF0038DB93 /* Assets.xcassets */,
			);
			path = Shared;
			sourceTree = "<group>";
		};
		D36597C025E8ADB00038DB93 /* Products */ = {
			isa = PBXGroup;
			children = (
				D36597BF25E8ADB00038DB93 /* Rock Paper Scissors.app */,
				D36597C725E8ADB00038DB93 /* Rock Paper Scissors.app */,
				D36597CF25E8ADB00038DB93 /* Tests iOS.xctest */,
				D36597DA25E8ADB00038DB93 /* Tests macOS.xctest */,
			);
			name = Products;
			sourceTree = "<group>";
		};
		D36597C125E8ADB00038DB93 /* iOS */ = {
			isa = PBXGroup;
			children = (
				D36597C225E8ADB00038DB93 /* Info.plist */,
			);
			path = iOS;
			sourceTree = "<group>";
		};
		D36597C825E8ADB00038DB93 /* macOS */ = {
			isa = PBXGroup;
			children = (
				D36597C925E8ADB00038DB93 /* Info.plist */,
				D36597CA25E8ADB00038DB93 /* macOS.entitlements */,
			);
			path = macOS;
			sourceTree = "<group>";
		};
		D36597D225E8ADB00038DB93 /* Tests iOS */ = {
			isa = PBXGroup;
			children = (
				D36597D325E8ADB00038DB93 /* Tests_iOS.swift */,
				D36597D525E8ADB00038DB93 /* Info.plist */,
			);
			path = "Tests iOS";
			sourceTree = "<group>";
		};
		D36597DD25E8ADB00038DB93 /* Tests macOS */ = {
			isa = PBXGroup;
			children = (
				D36597DE25E8ADB00038DB93 /* Tests_macOS.swift */,
				D36597E025E8ADB00038DB93 /* Info.plist */,
			);
			path = "Tests macOS";
			sourceTree = "<group>";
		};
/* End PBXGroup section */

/* Begin PBXNativeTarget section */
		D36597BE25E8ADAF0038DB93 /* Rock Paper Scissors (iOS) */ = {
			isa = PBXNativeTarget;
			buildConfigurationList = D36597E925E8ADB00038DB93 /* Build configuration list for PBXNativeTarget "Rock Paper Scissors (iOS)" */;
			buildPhases = (
				D36597BB25E8ADAF0038DB93 /* Sources */,
				D36597BC25E8ADAF0038DB93 /* Frameworks */,
				D36597BD25E8ADAF0038DB93 /* Resources */,
			);
			buildRules = (
			);
			dependencies = (
			);
			name = "Rock Paper Scissors (iOS)";
			productName = "Rock Paper Scissors (iOS)";
			productReference = D36597BF25E8ADB00038DB93 /* Rock Paper Scissors.app */;
			productType = "com.apple.product-type.application";
		};
		D36597C625E8ADB00038DB93 /* Rock Paper Scissors (macOS) */ = {
			isa = PBXNativeTarget;
			buildConfigurationList = D36597EC25E8ADB00038DB93 /* Build configuration list for PBXNativeTarget "Rock Paper Scissors (macOS)" */;
			buildPhases = (
				D36597C325E8ADB00038DB93 /* Sources */,
				D36597C425E8ADB00038DB93 /* Frameworks */,
				D36597C525E8ADB00038DB93 /* Resources */,
			);
			buildRules = (
			);
			dependencies = (
			);
			name = "Rock Paper Scissors (macOS)";
			productName = "Rock Paper Scissors (macOS)";
			productReference = D36597C725E8ADB00038DB93 /* Rock Paper Scissors.app */;
			productType = "com.apple.product-type.application";
		};
		D36597CE25E8ADB00038DB93 /* Tests iOS */ = {
			isa = PBXNativeTarget;
			buildConfigurationList = D36597EF25E8ADB00038DB93 /* Build configuration list for PBXNativeTarget "Tests iOS" */;
			buildPhases = (
				D36597CB25E8ADB00038DB93 /* Sources */,
				D36597CC25E8ADB00038DB93 /* Frameworks */,
				D36597CD25E8ADB00038DB93 /* Resources */,
			);
			buildRules = (
			);
			dependencies = (
				D36597D125E8ADB00038DB93 /* PBXTargetDependency */,
			);
			name = "Tests iOS";
			productName = "Tests iOS";
			productReference = D36597CF25E8ADB00038DB93 /* Tests iOS.xctest */;
			productType = "com.apple.product-type.bundle.ui-testing";
		};
		D36597D925E8ADB00038DB93 /* Tests macOS */ = {
			isa = PBXNativeTarget;
			buildConfigurationList = D36597F225E8ADB00038DB93 /* Build configuration list for PBXNativeTarget "Tests macOS" */;
			buildPhases = (
				D36597D625E8ADB00038DB93 /* Sources */,
				D36597D725E8ADB00038DB93 /* Frameworks */,
				D36597D825E8ADB00038DB93 /* Resources */,
			);
			buildRules = (
			);
			dependencies = (
				D36597DC25E8ADB00038DB93 /* PBXTargetDependency */,
			);
			name = "Tests macOS";
			productName = "Tests macOS";
			productReference = D36597DA25E8ADB00038DB93 /* Tests macOS.xctest */;
			productType = "com.apple.product-type.bundle.ui-testing";
		};
/* End PBXNativeTarget section */

/* Begin PBXProject section */
		D36597B325E8ADAC0038DB93 /* Project object */ = {
			isa = PBXProject;
			attributes = {
				LastSwiftUpdateCheck = 1240;
				LastUpgradeCheck = 1240;
				TargetAttributes = {
					D36597BE25E8ADAF0038DB93 = {
						CreatedOnToolsVersion = 12.4;
					};
					D36597C625E8ADB00038DB93 = {
						CreatedOnToolsVersion = 12.4;
					};
					D36597CE25E8ADB00038DB93 = {
						CreatedOnToolsVersion = 12.4;
						TestTargetID = D36597BE25E8ADAF0038DB93;
					};
					D36597D925E8ADB00038DB93 = {
						CreatedOnToolsVersion = 12.4;
						TestTargetID = D36597C625E8ADB00038DB93;
					};
				};
			};
			buildConfigurationList = D36597B625E8ADAC0038DB93 /* Build configuration list for PBXProject "Rock Paper Scissors" */;
			compatibilityVersion = "Xcode 9.3";
			developmentRegion = en;
			hasScannedForEncodings = 0;
			knownRegions = (
				en,
				Base,
			);
			mainGroup = D36597B225E8ADAC0038DB93;
			productRefGroup = D36597C025E8ADB00038DB93 /* Products */;
			projectDirPath = "";
			projectRoot = "";
			targets = (
				D36597BE25E8ADAF0038DB93 /* Rock Paper Scissors (iOS) */,
				D36597C625E8ADB00038DB93 /* Rock Paper Scissors (macOS) */,
				D36597CE25E8ADB00038DB93 /* Tests iOS */,
				D36597D925E8ADB00038DB93 /* Tests macOS */,
			);
		};
/* End PBXProject section */

/* Begin PBXResourcesBuildPhase section */
		D36597BD25E8ADAF0038DB93 /* Resources */ = {
			isa = PBXResourcesBuildPhase;
			buildActionMask = 2147483647;
			files = (
				D36597E525E8ADB00038DB93 /* Assets.xcassets in Resources */,
			);
			runOnlyForDeploymentPostprocessing = 0;
		};
		D36597C525E8ADB00038DB93 /* Resources */ = {
			isa = PBXResourcesBuildPhase;
			buildActionMask = 2147483647;
			files = (
				D36597E625E8ADB00038DB93 /* Assets.xcassets in Resources */,
			);
			runOnlyForDeploymentPostprocessing = 0;
		};
		D36597CD25E8ADB00038DB93 /* Resources */ = {
			isa = PBXResourcesBuildPhase;
			buildActionMask = 2147483647;
			files = (
			);
			runOnlyForDeploymentPostprocessing = 0;
		};
		D36597D825E8ADB00038DB93 /* Resources */ = {
			isa = PBXResourcesBuildPhase;
			buildActionMask = 2147483647;
			files = (
			);
			runOnlyForDeploymentPostprocessing = 0;
		};
/* End PBXResourcesBuildPhase section */

/* Begin PBXSourcesBuildPhase section */
		D36597BB25E8ADAF0038DB93 /* Sources */ = {
			isa = PBXSourcesBuildPhase;
			buildActionMask = 2147483647;
			files = (
				D36597E325E8ADB00038DB93 /* ContentView.swift in Sources */,
				D36597E125E8ADB00038DB93 /* Rock_Paper_ScissorsApp.swift in Sources */,
			);
			runOnlyForDeploymentPostprocessing = 0;
		};
		D36597C325E8ADB00038DB93 /* Sources */ = {
			isa = PBXSourcesBuildPhase;
			buildActionMask = 2147483647;
			files = (
				D36597E425E8ADB00038DB93 /* ContentView.swift in Sources */,
				D36597E225E8ADB00038DB93 /* Rock_Paper_ScissorsApp.swift in Sources */,
			);
			runOnlyForDeploymentPostprocessing = 0;
		};
		D36597CB25E8ADB00038DB93 /* Sources */ = {
			isa = PBXSourcesBuildPhase;
			buildActionMask = 2147483647;
			files = (
				D36597D425E8ADB00038DB93 /* Tests_iOS.swift in Sources */,
			);
			runOnlyForDeploymentPostprocessing = 0;
		};
		D36597D625E8ADB00038DB93 /* Sources */ = {
			isa = PBXSourcesBuildPhase;
			buildActionMask = 2147483647;
			files = (
				D36597DF25E8ADB00038DB93 /* Tests_macOS.swift in Sources */,
			);
			runOnlyForDeploymentPostprocessing = 0;
		};
/* End PBXSourcesBuildPhase section */

/* Begin PBXTargetDependency section */
		D36597D125E8ADB00038DB93 /* PBXTargetDependency */ = {
			isa = PBXTargetDependency;
			target = D36597BE25E8ADAF0038DB93 /* Rock Paper Scissors (iOS) */;
			targetProxy = D36597D025E8ADB00038DB93 /* PBXContainerItemProxy */;
		};
		D36597DC25E8ADB00038DB93 /* PBXTargetDependency */ = {
			isa = PBXTargetDependency;
			target = D36597C625E8ADB00038DB93 /* Rock Paper Scissors (macOS) */;
			targetProxy = D36597DB25E8ADB00038DB93 /* PBXContainerItemProxy */;
		};
/* End PBXTargetDependency section */

/* Begin XCBuildConfiguration section */
		D36597E725E8ADB00038DB93 /* Debug */ = {
			isa = XCBuildConfiguration;
			buildSettings = {
				ALWAYS_SEARCH_USER_PATHS = NO;
				CLANG_ANALYZER_NONNULL = YES;
				CLANG_ANALYZER_NUMBER_OBJECT_CONVERSION = YES_AGGRESSIVE;
				CLANG_CXX_LANGUAGE_STANDARD = "gnu++14";
				CLANG_CXX_LIBRARY = "libc++";
				CLANG_ENABLE_MODULES = YES;
				CLANG_ENABLE_OBJC_ARC = YES;
				CLANG_ENABLE_OBJC_WEAK = YES;
				CLANG_WARN_BLOCK_CAPTURE_AUTORELEASING = YES;
				CLANG_WARN_BOOL_CONVERSION = YES;
				CLANG_WARN_COMMA = YES;
				CLANG_WARN_CONSTANT_CONVERSION = YES;
				CLANG_WARN_DEPRECATED_OBJC_IMPLEMENTATIONS = YES;
				CLANG_WARN_DIRECT_OBJC_ISA_USAGE = YES_ERROR;
				CLANG_WARN_DOCUMENTATION_COMMENTS = YES;
				CLANG_WARN_EMPTY_BODY = YES;
				CLANG_WARN_ENUM_CONVERSION = YES;
				CLANG_WARN_INFINITE_RECURSION = YES;
				CLANG_WARN_INT_CONVERSION = YES;
				CLANG_WARN_NON_LITERAL_NULL_CONVERSION = YES;
				CLANG_WARN_OBJC_IMPLICIT_RETAIN_SELF = YES;
				CLANG_WARN_OBJC_LITERAL_CONVERSION = YES;
				CLANG_WARN_OBJC_ROOT_CLASS = YES_ERROR;
				CLANG_WARN_QUOTED_INCLUDE_IN_FRAMEWORK_HEADER = YES;
				CLANG_WARN_RANGE_LOOP_ANALYSIS = YES;
				CLANG_WARN_STRICT_PROTOTYPES = YES;
				CLANG_WARN_SUSPICIOUS_MOVE = YES;
				CLANG_WARN_UNGUARDED_AVAILABILITY = YES_AGGRESSIVE;
				CLANG_WARN_UNREACHABLE_CODE = YES;
				CLANG_WARN__DUPLICATE_METHOD_MATCH = YES;
				COPY_PHASE_STRIP = NO;
				DEBUG_INFORMATION_FORMAT = dwarf;
				ENABLE_STRICT_OBJC_MSGSEND = YES;
				ENABLE_TESTABILITY = YES;
				GCC_C_LANGUAGE_STANDARD = gnu11;
				GCC_DYNAMIC_NO_PIC = NO;
				GCC_NO_COMMON_BLOCKS = YES;
				GCC_OPTIMIZATION_LEVEL = 0;
				GCC_PREPROCESSOR_DEFINITIONS = (
					"DEBUG=1",
					"$(inherited)",
				);
				GCC_WARN_64_TO_32_BIT_CONVERSION = YES;
				GCC_WARN_ABOUT_RETURN_TYPE = YES_ERROR;
				GCC_WARN_UNDECLARED_SELECTOR = YES;
				GCC_WARN_UNINITIALIZED_AUTOS = YES_AGGRESSIVE;
				GCC_WARN_UNUSED_FUNCTION = YES;
				GCC_WARN_UNUSED_VARIABLE = YES;
				MTL_ENABLE_DEBUG_INFO = INCLUDE_SOURCE;
				MTL_FAST_MATH = YES;
				ONLY_ACTIVE_ARCH = YES;
				SWIFT_ACTIVE_COMPILATION_CONDITIONS = DEBUG;
				SWIFT_OPTIMIZATION_LEVEL = "-Onone";
			};
			name = Debug;
		};
		D36597E825E8ADB00038DB93 /* Release */ = {
			isa = XCBuildConfiguration;
			buildSettings = {
				ALWAYS_SEARCH_USER_PATHS = NO;
				CLANG_ANALYZER_NONNULL = YES;
				CLANG_ANALYZER_NUMBER_OBJECT_CONVERSION = YES_AGGRESSIVE;
				CLANG_CXX_LANGUAGE_STANDARD = "gnu++14";
				CLANG_CXX_LIBRARY = "libc++";
				CLANG_ENABLE_MODULES = YES;
				CLANG_ENABLE_OBJC_ARC = YES;
				CLANG_ENABLE_OBJC_WEAK = YES;
				CLANG_WARN_BLOCK_CAPTURE_AUTORELEASING = YES;
				CLANG_WARN_BOOL_CONVERSION = YES;
				CLANG_WARN_COMMA = YES;
				CLANG_WARN_CONSTANT_CONVERSION = YES;
				CLANG_WARN_DEPRECATED_OBJC_IMPLEMENTATIONS = YES;
				CLANG_WARN_DIRECT_OBJC_ISA_USAGE = YES_ERROR;
				CLANG_WARN_DOCUMENTATION_COMMENTS = YES;
				CLANG_WARN_EMPTY_BODY = YES;
				CLANG_WARN_ENUM_CONVERSION = YES;
				CLANG_WARN_INFINITE_RECURSION = YES;
				CLANG_WARN_INT_CONVERSION = YES;
				CLANG_WARN_NON_LITERAL_NULL_CONVERSION = YES;
				CLANG_WARN_OBJC_IMPLICIT_RETAIN_SELF = YES;
				CLANG_WARN_OBJC_LITERAL_CONVERSION = YES;
				CLANG_WARN_OBJC_ROOT_CLASS = YES_ERROR;
				CLANG_WARN_QUOTED_INCLUDE_IN_FRAMEWORK_HEADER = YES;
				CLANG_WARN_RANGE_LOOP_ANALYSIS = YES;
				CLANG_WARN_STRICT_PROTOTYPES = YES;
				CLANG_WARN_SUSPICIOUS_MOVE = YES;
				CLANG_WARN_UNGUARDED_AVAILABILITY = YES_AGGRESSIVE;
				CLANG_WARN_UNREACHABLE_CODE = YES;
				CLANG_WARN__DUPLICATE_METHOD_MATCH = YES;
				COPY_PHASE_STRIP = NO;
				DEBUG_INFORMATION_FORMAT = "dwarf-with-dsym";
				ENABLE_NS_ASSERTIONS = NO;
				ENABLE_STRICT_OBJC_MSGSEND = YES;
				GCC_C_LANGUAGE_STANDARD = gnu11;
				GCC_NO_COMMON_BLOCKS = YES;
				GCC_WARN_64_TO_32_BIT_CONVERSION = YES;
				GCC_WARN_ABOUT_RETURN_TYPE = YES_ERROR;
				GCC_WARN_UNDECLARED_SELECTOR = YES;
				GCC_WARN_UNINITIALIZED_AUTOS = YES_AGGRESSIVE;
				GCC_WARN_UNUSED_FUNCTION = YES;
				GCC_WARN_UNUSED_VARIABLE = YES;
				MTL_ENABLE_DEBUG_INFO = NO;
				MTL_FAST_MATH = YES;
				SWIFT_COMPILATION_MODE = wholemodule;
				SWIFT_OPTIMIZATION_LEVEL = "-O";
			};
			name = Release;
		};
		D36597EA25E8ADB00038DB93 /* Debug */ = {
			isa = XCBuildConfiguration;
			buildSettings = {
				ASSETCATALOG_COMPILER_APPICON_NAME = AppIcon;
				ASSETCATALOG_COMPILER_GLOBAL_ACCENT_COLOR_NAME = AccentColor;
				CODE_SIGN_STYLE = Automatic;
				ENABLE_PREVIEWS = YES;
				INFOPLIST_FILE = iOS/Info.plist;
				IPHONEOS_DEPLOYMENT_TARGET = 14.0;
				LD_RUNPATH_SEARCH_PATHS = (
					"$(inherited)",
					"@executable_path/Frameworks",
				);
				PRODUCT_BUNDLE_IDENTIFIER = "My.Rock-Paper-Scissors";
				PRODUCT_NAME = "Rock Paper Scissors";
				SDKROOT = iphoneos;
				SWIFT_VERSION = 5.0;
				TARGETED_DEVICE_FAMILY = "1,2";
			};
			name = Debug;
		};
		D36597EB25E8ADB00038DB93 /* Release */ = {
			isa = XCBuildConfiguration;
			buildSettings = {
				ASSETCATALOG_COMPILER_APPICON_NAME = AppIcon;
				ASSETCATALOG_COMPILER_GLOBAL_ACCENT_COLOR_NAME = AccentColor;
				CODE_SIGN_STYLE = Automatic;
				ENABLE_PREVIEWS = YES;
				INFOPLIST_FILE = iOS/Info.plist;
				IPHONEOS_DEPLOYMENT_TARGET = 14.0;
				LD_RUNPATH_SEARCH_PATHS = (
					"$(inherited)",
					"@executable_path/Frameworks",
				);
				PRODUCT_BUNDLE_IDENTIFIER = "My.Rock-Paper-Scissors";
				PRODUCT_NAME = "Rock Paper Scissors";
				SDKROOT = iphoneos;
				SWIFT_VERSION = 5.0;
				TARGETED_DEVICE_FAMILY = "1,2";
				VALIDATE_PRODUCT = YES;
			};
			name = Release;
		};
		D36597ED25E8ADB00038DB93 /* Debug */ = {
			isa = XCBuildConfiguration;
			buildSettings = {
				ASSETCATALOG_COMPILER_APPICON_NAME = AppIcon;
				ASSETCATALOG_COMPILER_GLOBAL_ACCENT_COLOR_NAME = AccentColor;
				CODE_SIGN_ENTITLEMENTS = macOS/macOS.entitlements;
				CODE_SIGN_STYLE = Automatic;
				COMBINE_HIDPI_IMAGES = YES;
				ENABLE_PREVIEWS = YES;
				INFOPLIST_FILE = macOS/Info.plist;
				LD_RUNPATH_SEARCH_PATHS = (
					"$(inherited)",
					"@executable_path/../Frameworks",
				);
				MACOSX_DEPLOYMENT_TARGET = 11.0;
				PRODUCT_BUNDLE_IDENTIFIER = "My.Rock-Paper-Scissors";
				PRODUCT_NAME = "Rock Paper Scissors";
				SDKROOT = macosx;
				SWIFT_VERSION = 5.0;
			};
			name = Debug;
		};
		D36597EE25E8ADB00038DB93 /* Release */ = {
			isa = XCBuildConfiguration;
			buildSettings = {
				ASSETCATALOG_COMPILER_APPICON_NAME = AppIcon;
				ASSETCATALOG_COMPILER_GLOBAL_ACCENT_COLOR_NAME = AccentColor;
				CODE_SIGN_ENTITLEMENTS = macOS/macOS.entitlements;
				CODE_SIGN_STYLE = Automatic;
				COMBINE_HIDPI_IMAGES = YES;
				ENABLE_PREVIEWS = YES;
				INFOPLIST_FILE = macOS/Info.plist;
				LD_RUNPATH_SEARCH_PATHS = (
					"$(inherited)",
					"@executable_path/../Frameworks",
				);
				MACOSX_DEPLOYMENT_TARGET = 11.0;
				PRODUCT_BUNDLE_IDENTIFIER = "My.Rock-Paper-Scissors";
				PRODUCT_NAME = "Rock Paper Scissors";
				SDKROOT = macosx;
				SWIFT_VERSION = 5.0;
			};
			name = Release;
		};
		D36597F025E8ADB00038DB93 /* Debug */ = {
			isa = XCBuildConfiguration;
			buildSettings = {
				ALWAYS_EMBED_SWIFT_STANDARD_LIBRARIES = YES;
				CODE_SIGN_STYLE = Automatic;
				INFOPLIST_FILE = "Tests iOS/Info.plist";
				IPHONEOS_DEPLOYMENT_TARGET = 14.4;
				LD_RUNPATH_SEARCH_PATHS = (
					"$(inherited)",
					"@executable_path/Frameworks",
					"@loader_path/Frameworks",
				);
				PRODUCT_BUNDLE_IDENTIFIER = "My.Tests-iOS";
				PRODUCT_NAME = "$(TARGET_NAME)";
				SDKROOT = iphoneos;
				SWIFT_VERSION = 5.0;
				TARGETED_DEVICE_FAMILY = "1,2";
				TEST_TARGET_NAME = "Rock Paper Scissors (iOS)";
			};
			name = Debug;
		};
		D36597F125E8ADB00038DB93 /* Release */ = {
			isa = XCBuildConfiguration;
			buildSettings = {
				ALWAYS_EMBED_SWIFT_STANDARD_LIBRARIES = YES;
				CODE_SIGN_STYLE = Automatic;
				INFOPLIST_FILE = "Tests iOS/Info.plist";
				IPHONEOS_DEPLOYMENT_TARGET = 14.4;
				LD_RUNPATH_SEARCH_PATHS = (
					"$(inherited)",
					"@executable_path/Frameworks",
					"@loader_path/Frameworks",
				);
				PRODUCT_BUNDLE_IDENTIFIER = "My.Tests-iOS";
				PRODUCT_NAME = "$(TARGET_NAME)";
				SDKROOT = iphoneos;
				SWIFT_VERSION = 5.0;
				TARGETED_DEVICE_FAMILY = "1,2";
				TEST_TARGET_NAME = "Rock Paper Scissors (iOS)";
				VALIDATE_PRODUCT = YES;
			};
			name = Release;
		};
		D36597F325E8ADB00038DB93 /* Debug */ = {
			isa = XCBuildConfiguration;
			buildSettings = {
				ALWAYS_EMBED_SWIFT_STANDARD_LIBRARIES = YES;
				CODE_SIGN_STYLE = Automatic;
				COMBINE_HIDPI_IMAGES = YES;
				INFOPLIST_FILE = "Tests macOS/Info.plist";
				LD_RUNPATH_SEARCH_PATHS = (
					"$(inherited)",
					"@executable_path/../Frameworks",
					"@loader_path/../Frameworks",
				);
				MACOSX_DEPLOYMENT_TARGET = 11.1;
				PRODUCT_BUNDLE_IDENTIFIER = "My.Tests-macOS";
				PRODUCT_NAME = "$(TARGET_NAME)";
				SDKROOT = macosx;
				SWIFT_VERSION = 5.0;
				TEST_TARGET_NAME = "Rock Paper Scissors (macOS)";
			};
			name = Debug;
		};
		D36597F425E8ADB00038DB93 /* Release */ = {
			isa = XCBuildConfiguration;
			buildSettings = {
				ALWAYS_EMBED_SWIFT_STANDARD_LIBRARIES = YES;
				CODE_SIGN_STYLE = Automatic;
				COMBINE_HIDPI_IMAGES = YES;
				INFOPLIST_FILE = "Tests macOS/Info.plist";
				LD_RUNPATH_SEARCH_PATHS = (
					"$(inherited)",
					"@executable_path/../Frameworks",
					"@loader_path/../Frameworks",
				);
				MACOSX_DEPLOYMENT_TARGET = 11.1;
				PRODUCT_BUNDLE_IDENTIFIER = "My.Tests-macOS";
				PRODUCT_NAME = "$(TARGET_NAME)";
				SDKROOT = macosx;
				SWIFT_VERSION = 5.0;
				TEST_TARGET_NAME = "Rock Paper Scissors (macOS)";
			};
			name = Release;
		};
/* End XCBuildConfiguration section */

/* Begin XCConfigurationList section */
		D36597B625E8ADAC0038DB93 /* Build configuration list for PBXProject "Rock Paper Scissors" */ = {
			isa = XCConfigurationList;
			buildConfigurations = (
				D36597E725E8ADB00038DB93 /* Debug */,
				D36597E825E8ADB00038DB93 /* Release */,
			);
			defaultConfigurationIsVisible = 0;
			defaultConfigurationName = Release;
		};
		D36597E925E8ADB00038DB93 /* Build configuration list for PBXNativeTarget "Rock Paper Scissors (iOS)" */ = {
			isa = XCConfigurationList;
			buildConfigurations = (
				D36597EA25E8ADB00038DB93 /* Debug */,
				D36597EB25E8ADB00038DB93 /* Release */,
			);
			defaultConfigurationIsVisible = 0;
			defaultConfigurationName = Release;
		};
		D36597EC25E8ADB00038DB93 /* Build configuration list for PBXNativeTarget "Rock Paper Scissors (macOS)" */ = {
			isa = XCConfigurationList;
			buildConfigurations = (
				D36597ED25E8ADB00038DB93 /* Debug */,
				D36597EE25E8ADB00038DB93 /* Release */,
			);
			defaultConfigurationIsVisible = 0;
			defaultConfigurationName = Release;
		};
		D36597EF25E8ADB00038DB93 /* Build configuration list for PBXNativeTarget "Tests iOS" */ = {
			isa = XCConfigurationList;
			buildConfigurations = (
				D36597F025E8ADB00038DB93 /* Debug */,
				D36597F125E8ADB00038DB93 /* Release */,
			);
			defaultConfigurationIsVisible = 0;
			defaultConfigurationName = Release;
		};
		D36597F225E8ADB00038DB93 /* Build configuration list for PBXNativeTarget "Tests macOS" */ = {
			isa = XCConfigurationList;
			buildConfigurations = (
				D36597F325E8ADB00038DB93 /* Debug */,
				D36597F425E8ADB00038DB93 /* Release */,
			);
			defaultConfigurationIsVisible = 0;
			defaultConfigurationName = Release;
		};
/* End XCConfigurationList section */
	};
	rootObject = D36597B325E8ADAC0038DB93 /* Project object */;
}
